
Microsoft Visual Studio Solution File, Format Version 12.00
# Visual Studio Version 17
VisualStudioVersion = 17.9.34728.123
MinimumVisualStudioVersion = 10.0.40219.1
Project("{9A19103F-16F7-4668-BE54-9A1E7A4F7556}") = "CEntidades", "TrabajoUnidadAPI\CEntidades.csproj", "{10BD709D-2529-4E9B-9F93-77451602EAB3}"
EndProject
Project("{FAE04EC0-301F-11D3-BF4B-00C04F79EFBC}") = "ApiVeterinaria", "ApiVeterinaria\ApiVeterinaria.csproj", "{CCF5B413-A974-4894-8BF0-BFF3B1651F6F}"
EndProject
Project("{FAE04EC0-301F-11D3-BF4B-00C04F79EFBC}") = "CDatos", "CDatos\CDatos.csproj", "{53B41437-8451-4DCA-8070-0A0B4B1179A1}"
EndProject
Project("{FAE04EC0-301F-11D3-BF4B-00C04F79EFBC}") = "CLogica", "CLogica\CLogica.csproj", "{7DA0603E-0CD0-48E0-AED6-B6B9C6C1780E}"
EndProject
Global
	GlobalSection(SolutionConfigurationPlatforms) = preSolution
		Debug|Any CPU = Debug|Any CPU
		Release|Any CPU = Release|Any CPU
	EndGlobalSection
	GlobalSection(ProjectConfigurationPlatforms) = postSolution
		{10BD709D-2529-4E9B-9F93-77451602EAB3}.Debug|Any CPU.ActiveCfg = Debug|Any CPU
		{10BD709D-2529-4E9B-9F93-77451602EAB3}.Debug|Any CPU.Build.0 = Debug|Any CPU
		{10BD709D-2529-4E9B-9F93-77451602EAB3}.Release|Any CPU.ActiveCfg = Release|Any CPU
		{10BD709D-2529-4E9B-9F93-77451602EAB3}.Release|Any CPU.Build.0 = Release|Any CPU
		{CCF5B413-A974-4894-8BF0-BFF3B1651F6F}.Debug|Any CPU.ActiveCfg = Debug|Any CPU
		{CCF5B413-A974-4894-8BF0-BFF3B1651F6F}.Debug|Any CPU.Build.0 = Debug|Any CPU
		{CCF5B413-A974-4894-8BF0-BFF3B1651F6F}.Release|Any CPU.ActiveCfg = Release|Any CPU
		{CCF5B413-A974-4894-8BF0-BFF3B1651F6F}.Release|Any CPU.Build.0 = Release|Any CPU
		{53B41437-8451-4DCA-8070-0A0B4B1179A1}.Debug|Any CPU.ActiveCfg = Debug|Any CPU
		{53B41437-8451-4DCA-8070-0A0B4B1179A1}.Debug|Any CPU.Build.0 = Debug|Any CPU
		{53B41437-8451-4DCA-8070-0A0B4B1179A1}.Release|Any CPU.ActiveCfg = Release|Any CPU
		{53B41437-8451-4DCA-8070-0A0B4B1179A1}.Release|Any CPU.Build.0 = Release|Any CPU
		{7DA0603E-0CD0-48E0-AED6-B6B9C6C1780E}.Debug|Any CPU.ActiveCfg = Debug|Any CPU
		{7DA0603E-0CD0-48E0-AED6-B6B9C6C1780E}.Debug|Any CPU.Build.0 = Debug|Any CPU
		{7DA0603E-0CD0-48E0-AED6-B6B9C6C1780E}.Release|Any CPU.ActiveCfg = Release|Any CPU
		{7DA0603E-0CD0-48E0-AED6-B6B9C6C1780E}.Release|Any CPU.Build.0 = Release|Any CPU
	EndGlobalSection
	GlobalSection(SolutionProperties) = preSolution
		HideSolutionNode = FALSE
	EndGlobalSection
	GlobalSection(ExtensibilityGlobals) = postSolution
		SolutionGuid = {1F0A0F50-6DCB-4AF4-967F-A28D51E71991}
	EndGlobalSection
EndGlobal
